
Microsoft Visual Studio Solution File, Format Version 12.00
# Visual Studio Version 16
VisualStudioVersion = 16.0.31424.327
MinimumVisualStudioVersion = 10.0.40219.1
Project("{FAE04EC0-301F-11D3-BF4B-00C04F79EFBC}") = "Test", "Test\Test.csproj", "{451808E1-67AE-49A5-813A-ECCBB62FE7EA}"
EndProject
Global
	GlobalSection(SolutionConfigurationPlatforms) = preSolution
		Debug|Any CPU = Debug|Any CPU
		Release|Any CPU = Release|Any CPU
	EndGlobalSection
	GlobalSection(ProjectConfigurationPlatforms) = postSolution
		{451808E1-67AE-49A5-813A-ECCBB62FE7EA}.Debug|Any CPU.ActiveCfg = Debug|Any CPU
		{451808E1-67AE-49A5-813A-ECCBB62FE7EA}.Debug|Any CPU.Build.0 = Debug|Any CPU
		{451808E1-67AE-49A5-813A-ECCBB62FE7EA}.Release|Any CPU.ActiveCfg = Release|Any CPU
		{451808E1-67AE-49A5-813A-ECCBB62FE7EA}.Release|Any CPU.Build.0 = Release|Any CPU
	EndGlobalSection
	GlobalSection(SolutionProperties) = preSolution
		HideSolutionNode = FALSE
	EndGlobalSection
	GlobalSection(ExtensibilityGlobals) = postSolution
		SolutionGuid = {57209481-9AF5-4748-AE68-B963ADCDD7FD}
	EndGlobalSection
EndGlobal
