
Microsoft Visual Studio Solution File, Format Version 12.00
# Visual Studio Version 16
VisualStudioVersion = 16.0.31911.196
MinimumVisualStudioVersion = 10.0.40219.1
Project("{FAE04EC0-301F-11D3-BF4B-00C04F79EFBC}") = "WindowsFormsApp6", "WindowsFormsApp6\WindowsFormsApp6.csproj", "{D0D48DEB-00DE-4F1D-949C-08B9D715B79A}"
EndProject
Global
	GlobalSection(SolutionConfigurationPlatforms) = preSolution
		Debug|Any CPU = Debug|Any CPU
		Release|Any CPU = Release|Any CPU
	EndGlobalSection
	GlobalSection(ProjectConfigurationPlatforms) = postSolution
		{D0D48DEB-00DE-4F1D-949C-08B9D715B79A}.Debug|Any CPU.ActiveCfg = Debug|Any CPU
		{D0D48DEB-00DE-4F1D-949C-08B9D715B79A}.Debug|Any CPU.Build.0 = Debug|Any CPU
		{D0D48DEB-00DE-4F1D-949C-08B9D715B79A}.Release|Any CPU.ActiveCfg = Release|Any CPU
		{D0D48DEB-00DE-4F1D-949C-08B9D715B79A}.Release|Any CPU.Build.0 = Release|Any CPU
	EndGlobalSection
	GlobalSection(SolutionProperties) = preSolution
		HideSolutionNode = FALSE
	EndGlobalSection
	GlobalSection(ExtensibilityGlobals) = postSolution
		SolutionGuid = {FC0C2851-1A96-46F5-B3F3-7F46BAC363A7}
	EndGlobalSection
EndGlobal
